// !$*UTF8*$!
{
	archiveVersion = 1;
	classes = {
	};
	objectVersion = 77;
	objects = {

/* Begin PBXContainerItemProxy section */
		6E089ABE2FC3F30E00F97F5B /* PBXContainerItemProxy */ = {
			isa = PBXContainerItemProxy;
			containerPortal = 6E089AA82FC3F30D00F97F5B /* Project object */;
			proxyType = 1;
			remoteGlobalIDString = 6E089AAF2FC3F30D00F97F5B;
			remoteInfo = SakeShop;
		};
/* End PBXContainerItemProxy section */

/* Begin PBXFileReference section */
		010024F5C183A9FA52EE0C09 /* ListHeaderView.swift */ = {isa = PBXFileReference; includeInIndex = 1; lastKnownFileType = sourcecode.swift; name = ListHeaderView.swift; path = SakeShop/Features/ShopList/Presentation/Views/ListHeaderView.swift; sourceTree = "<group>"; };
		0CEF6AEE8A459E4CB1AE1F5D /* ShopImageView.swift */ = {isa = PBXFileReference; includeInIndex = 1; lastKnownFileType = sourcecode.swift; name = ShopImageView.swift; path = SakeShop/Core/DesignSystem/Components/ShopImageView.swift; sourceTree = "<group>"; };
		10E5646F96D0492113D41309 /* DetailDefinitionRow.swift */ = {isa = PBXFileReference; includeInIndex = 1; lastKnownFileType = sourcecode.swift; name = DetailDefinitionRow.swift; path = SakeShop/Features/ShopDetail/Presentation/Views/DetailDefinitionRow.swift; sourceTree = "<group>"; };
		11B582B0C0C7CFF395A22AC7 /* IconButton.swift */ = {isa = PBXFileReference; includeInIndex = 1; lastKnownFileType = sourcecode.swift; name = IconButton.swift; path = SakeShop/Core/DesignSystem/Components/IconButton.swift; sourceTree = "<group>"; };
		27D53C84F5C9A417A6DD463D /* ShopListLoadingView.swift */ = {isa = PBXFileReference; includeInIndex = 1; lastKnownFileType = sourcecode.swift; name = ShopListLoadingView.swift; path = SakeShop/Features/ShopList/Presentation/Views/ShopListLoadingView.swift; sourceTree = "<group>"; };
		3B0BF5340C3FA897BFF7788C /* PrimaryButton.swift */ = {isa = PBXFileReference; includeInIndex = 1; lastKnownFileType = sourcecode.swift; name = PrimaryButton.swift; path = SakeShop/Core/DesignSystem/Components/PrimaryButton.swift; sourceTree = "<group>"; };
		6E089AB02FC3F30D00F97F5B /* SakeShop.app */ = {isa = PBXFileReference; explicitFileType = wrapper.application; includeInIndex = 0; path = SakeShop.app; sourceTree = BUILT_PRODUCTS_DIR; };
		6E089ABD2FC3F30E00F97F5B /* SakeShopTests.xctest */ = {isa = PBXFileReference; explicitFileType = wrapper.cfbundle; includeInIndex = 0; path = SakeShopTests.xctest; sourceTree = BUILT_PRODUCTS_DIR; };
		6E089B3B2FC40BF400F97F5B /* SakeShop.xctestplan */ = {isa = PBXFileReference; lastKnownFileType = text; path = SakeShop.xctestplan; sourceTree = "<group>"; };
		852E0F26477C781211C7D2A2 /* Typography.swift */ = {isa = PBXFileReference; includeInIndex = 1; lastKnownFileType = sourcecode.swift; name = Typography.swift; path = SakeShop/Core/DesignSystem/Typography.swift; sourceTree = "<group>"; };
		8B79A546BB37EEF4D6341987 /* Theme.swift */ = {isa = PBXFileReference; includeInIndex = 1; lastKnownFileType = sourcecode.swift; name = Theme.swift; path = SakeShop/Core/DesignSystem/Theme.swift; sourceTree = "<group>"; };
		99691C7A6D633E3859D56A01 /* ShopGradientPlaceholder.swift */ = {isa = PBXFileReference; includeInIndex = 1; lastKnownFileType = sourcecode.swift; name = ShopGradientPlaceholder.swift; path = SakeShop/Core/DesignSystem/Components/ShopGradientPlaceholder.swift; sourceTree = "<group>"; };
		9F016C7FF06CA7D3E4B063BF /* SecondaryButton.swift */ = {isa = PBXFileReference; includeInIndex = 1; lastKnownFileType = sourcecode.swift; name = SecondaryButton.swift; path = SakeShop/Core/DesignSystem/Components/SecondaryButton.swift; sourceTree = "<group>"; };
		A8D4B4A3FA8ABE5E3459350A /* ErrorPrimaryButton.swift */ = {isa = PBXFileReference; includeInIndex = 1; lastKnownFileType = sourcecode.swift; name = ErrorPrimaryButton.swift; path = SakeShop/Core/DesignSystem/Components/ErrorPrimaryButton.swift; sourceTree = "<group>"; };
		C5B77B0B6DE640DE03E3ADD7 /* Colors.swift */ = {isa = PBXFileReference; includeInIndex = 1; lastKnownFileType = sourcecode.swift; name = Colors.swift; path = SakeShop/Core/DesignSystem/Colors.swift; sourceTree = "<group>"; };
		C752F405021C5C82FA17C3F7 /* ShopListErrorView.swift */ = {isa = PBXFileReference; includeInIndex = 1; lastKnownFileType = sourcecode.swift; name = ShopListErrorView.swift; path = SakeShop/Features/ShopList/Presentation/Views/ShopListErrorView.swift; sourceTree = "<group>"; };
		C9396179C8D3A9956F594D0C /* SafariView.swift */ = {isa = PBXFileReference; includeInIndex = 1; lastKnownFileType = sourcecode.swift; name = SafariView.swift; path = SakeShop/Core/Views/SafariView.swift; sourceTree = "<group>"; };
		CC15A4F81C1B16A8D92026D4 /* ShopListEmptyView.swift */ = {isa = PBXFileReference; includeInIndex = 1; lastKnownFileType = sourcecode.swift; name = ShopListEmptyView.swift; path = SakeShop/Features/ShopList/Presentation/Views/ShopListEmptyView.swift; sourceTree = "<group>"; };
		FCA0DFD871A9D1F84DD8A838 /* ShopNavigation.swift */ = {isa = PBXFileReference; includeInIndex = 1; lastKnownFileType = sourcecode.swift; name = ShopNavigation.swift; path = SakeShop/Core/Navigation/ShopNavigation.swift; sourceTree = "<group>"; };
/* End PBXFileReference section */

/* Begin PBXFileSystemSynchronizedRootGroup section */
		6E089AB22FC3F30D00F97F5B /* SakeShop */ = {
			isa = PBXFileSystemSynchronizedRootGroup;
			exceptions = (
			);
			path = SakeShop;
			sourceTree = "<group>";
		};
		6E089AC02FC3F30E00F97F5B /* SakeShopTests */ = {
			isa = PBXFileSystemSynchronizedRootGroup;
			exceptions = (
			);
			path = SakeShopTests;
			sourceTree = "<group>";
		};
		6E089ACA2FC3F30E00F97F5B /* SakeShopUITests */ = {
			isa = PBXFileSystemSynchronizedRootGroup;
			exceptions = (
			);
			path = SakeShopUITests;
			sourceTree = "<group>";
		};
/* End PBXFileSystemSynchronizedRootGroup section */

/* Begin PBXFrameworksBuildPhase section */
		6E089AAD2FC3F30D00F97F5B /* Frameworks */ = {
			isa = PBXFrameworksBuildPhase;
			buildActionMask = 2147483647;
			files = (
			);
			runOnlyForDeploymentPostprocessing = 0;
		};
		6E089ABA2FC3F30E00F97F5B /* Frameworks */ = {
			isa = PBXFrameworksBuildPhase;
			buildActionMask = 2147483647;
			files = (
			);
			runOnlyForDeploymentPostprocessing = 0;
		};
/* End PBXFrameworksBuildPhase section */

/* Begin PBXGroup section */
		00F0BA591B6E185AB878C248 /* Views */ = {
			isa = PBXGroup;
			children = (
				010024F5C183A9FA52EE0C09 /* ListHeaderView.swift */,
				27D53C84F5C9A417A6DD463D /* ShopListLoadingView.swift */,
				CC15A4F81C1B16A8D92026D4 /* ShopListEmptyView.swift */,
				C752F405021C5C82FA17C3F7 /* ShopListErrorView.swift */,
			);
			name = Views;
			sourceTree = "<group>";
		};
		0BBC24391E14E2BF8ECDDC38 /* Components */ = {
			isa = PBXGroup;
			children = (
				99691C7A6D633E3859D56A01 /* ShopGradientPlaceholder.swift */,
				0CEF6AEE8A459E4CB1AE1F5D /* ShopImageView.swift */,
				11B582B0C0C7CFF395A22AC7 /* IconButton.swift */,
				3B0BF5340C3FA897BFF7788C /* PrimaryButton.swift */,
				9F016C7FF06CA7D3E4B063BF /* SecondaryButton.swift */,
				A8D4B4A3FA8ABE5E3459350A /* ErrorPrimaryButton.swift */,
			);
			name = Components;
			sourceTree = "<group>";
		};
		2EE542F31EAF8F381D368747 /* Views */ = {
			isa = PBXGroup;
			children = (
				C9396179C8D3A9956F594D0C /* SafariView.swift */,
			);
			name = Views;
			sourceTree = "<group>";
		};
		430A888262D74CAE32AB461E /* SakeShop */ = {
			isa = PBXGroup;
			children = (
				E68E768420C931BF9A233E99 /* Core */,
				6C891C6B2857383674F60FFD /* Features */,
			);
			name = SakeShop;
			sourceTree = "<group>";
		};
		57AF9BF150803A693A5752B2 /* Navigation */ = {
			isa = PBXGroup;
			children = (
				FCA0DFD871A9D1F84DD8A838 /* ShopNavigation.swift */,
			);
			name = Navigation;
			sourceTree = "<group>";
		};
		6473775F1485CAEDA982689C /* Presentation */ = {
			isa = PBXGroup;
			children = (
				00F0BA591B6E185AB878C248 /* Views */,
			);
			name = Presentation;
			sourceTree = "<group>";
		};
		68D453EB4A7EA391558CB3CC /* DesignSystem */ = {
			isa = PBXGroup;
			children = (
				C5B77B0B6DE640DE03E3ADD7 /* Colors.swift */,
				852E0F26477C781211C7D2A2 /* Typography.swift */,
				8B79A546BB37EEF4D6341987 /* Theme.swift */,
				0BBC24391E14E2BF8ECDDC38 /* Components */,
			);
			name = DesignSystem;
			sourceTree = "<group>";
		};
		6C891C6B2857383674F60FFD /* Features */ = {
			isa = PBXGroup;
			children = (
				C9B1328EF42E178115F35F9E /* ShopList */,
				B2C081C73435DCB0C9CC53E1 /* ShopDetail */,
			);
			name = Features;
			sourceTree = "<group>";
		};
		6E089AA72FC3F30D00F97F5B = {
			isa = PBXGroup;
			children = (
				6E089B3B2FC40BF400F97F5B /* SakeShop.xctestplan */,
				6E089AB22FC3F30D00F97F5B /* SakeShop */,
				6E089AC02FC3F30E00F97F5B /* SakeShopTests */,
				6E089ACA2FC3F30E00F97F5B /* SakeShopUITests */,
				6E089AB12FC3F30D00F97F5B /* Products */,
				430A888262D74CAE32AB461E /* SakeShop */,
			);
			sourceTree = "<group>";
		};
		6E089AB12FC3F30D00F97F5B /* Products */ = {
			isa = PBXGroup;
			children = (
				6E089AB02FC3F30D00F97F5B /* SakeShop.app */,
				6E089ABD2FC3F30E00F97F5B /* SakeShopTests.xctest */,
			);
			name = Products;
			sourceTree = "<group>";
		};
		A1287B2E7B4724119DD81F9D /* Views */ = {
			isa = PBXGroup;
			children = (
				10E5646F96D0492113D41309 /* DetailDefinitionRow.swift */,
			);
			name = Views;
			sourceTree = "<group>";
		};
		B2C081C73435DCB0C9CC53E1 /* ShopDetail */ = {
			isa = PBXGroup;
			children = (
				D9BEB355DC69B3451C9F8168 /* Presentation */,
			);
			name = ShopDetail;
			sourceTree = "<group>";
		};
		C9B1328EF42E178115F35F9E /* ShopList */ = {
			isa = PBXGroup;
			children = (
				6473775F1485CAEDA982689C /* Presentation */,
			);
			name = ShopList;
			sourceTree = "<group>";
		};
		D9BEB355DC69B3451C9F8168 /* Presentation */ = {
			isa = PBXGroup;
			children = (
				A1287B2E7B4724119DD81F9D /* Views */,
			);
			name = Presentation;
			sourceTree = "<group>";
		};
		E68E768420C931BF9A233E99 /* Core */ = {
			isa = PBXGroup;
			children = (
				68D453EB4A7EA391558CB3CC /* DesignSystem */,
				57AF9BF150803A693A5752B2 /* Navigation */,
				2EE542F31EAF8F381D368747 /* Views */,
			);
			name = Core;
			sourceTree = "<group>";
		};
/* End PBXGroup section */

/* Begin PBXNativeTarget section */
		6E089AAF2FC3F30D00F97F5B /* SakeShop */ = {
			isa = PBXNativeTarget;
			buildConfigurationList = 6E089AD12FC3F30E00F97F5B /* Build configuration list for PBXNativeTarget "SakeShop" */;
			buildPhases = (
				6E089AAC2FC3F30D00F97F5B /* Sources */,
				6E089AAD2FC3F30D00F97F5B /* Frameworks */,
				6E089AAE2FC3F30D00F97F5B /* Resources */,
			);
			buildRules = (
			);
			dependencies = (
			);
			fileSystemSynchronizedGroups = (
				6E089AB22FC3F30D00F97F5B /* SakeShop */,
			);
			name = SakeShop;
			productName = SakeShop;
			productReference = 6E089AB02FC3F30D00F97F5B /* SakeShop.app */;
			productType = "com.apple.product-type.application";
		};
		6E089ABC2FC3F30E00F97F5B /* SakeShopTests */ = {
			isa = PBXNativeTarget;
			buildConfigurationList = 6E089AD42FC3F30E00F97F5B /* Build configuration list for PBXNativeTarget "SakeShopTests" */;
			buildPhases = (
				6E089AB92FC3F30E00F97F5B /* Sources */,
				6E089ABA2FC3F30E00F97F5B /* Frameworks */,
				6E089ABB2FC3F30E00F97F5B /* Resources */,
			);
			buildRules = (
			);
			dependencies = (
				6E089ABF2FC3F30E00F97F5B /* PBXTargetDependency */,
			);
			fileSystemSynchronizedGroups = (
				6E089AC02FC3F30E00F97F5B /* SakeShopTests */,
			);
			name = SakeShopTests;
			productName = SakeShopTests;
			productReference = 6E089ABD2FC3F30E00F97F5B /* SakeShopTests.xctest */;
			productType = "com.apple.product-type.bundle.unit-test";
		};
/* End PBXNativeTarget section */

/* Begin PBXProject section */
		6E089AA82FC3F30D00F97F5B /* Project object */ = {
			isa = PBXProject;
			attributes = {
				BuildIndependentTargetsInParallel = 1;
				LastSwiftUpdateCheck = 2650;
				LastUpgradeCheck = 2650;
				TargetAttributes = {
					6E089AAF2FC3F30D00F97F5B = {
						CreatedOnToolsVersion = 26.5;
					};
					6E089ABC2FC3F30E00F97F5B = {
						CreatedOnToolsVersion = 26.5;
						TestTargetID = 6E089AAF2FC3F30D00F97F5B;
					};
				};
			};
			buildConfigurationList = 6E089AAB2FC3F30D00F97F5B /* Build configuration list for PBXProject "SakeShop" */;
			developmentRegion = en;
			hasScannedForEncodings = 0;
			knownRegions = (
				en,
				Base,
			);
			mainGroup = 6E089AA72FC3F30D00F97F5B;
			minimizedProjectReferenceProxies = 1;
			preferredProjectObjectVersion = 77;
			productRefGroup = 6E089AB12FC3F30D00F97F5B /* Products */;
			projectDirPath = "";
			projectRoot = "";
			targets = (
				6E089AAF2FC3F30D00F97F5B /* SakeShop */,
				6E089ABC2FC3F30E00F97F5B /* SakeShopTests */,
			);
		};
/* End PBXProject section */

/* Begin PBXResourcesBuildPhase section */
		6E089AAE2FC3F30D00F97F5B /* Resources */ = {
			isa = PBXResourcesBuildPhase;
			buildActionMask = 2147483647;
			files = (
			);
			runOnlyForDeploymentPostprocessing = 0;
		};
		6E089ABB2FC3F30E00F97F5B /* Resources */ = {
			isa = PBXResourcesBuildPhase;
			buildActionMask = 2147483647;
			files = (
			);
			runOnlyForDeploymentPostprocessing = 0;
		};
/* End PBXResourcesBuildPhase section */

/* Begin PBXSourcesBuildPhase section */
		6E089AAC2FC3F30D00F97F5B /* Sources */ = {
			isa = PBXSourcesBuildPhase;
			buildActionMask = 2147483647;
			files = (
			);
			runOnlyForDeploymentPostprocessing = 0;
		};
		6E089AB92FC3F30E00F97F5B /* Sources */ = {
			isa = PBXSourcesBuildPhase;
			buildActionMask = 2147483647;
			files = (
			);
			runOnlyForDeploymentPostprocessing = 0;
		};
/* End PBXSourcesBuildPhase section */

/* Begin PBXTargetDependency section */
		6E089ABF2FC3F30E00F97F5B /* PBXTargetDependency */ = {
			isa = PBXTargetDependency;
			target = 6E089AAF2FC3F30D00F97F5B /* SakeShop */;
			targetProxy = 6E089ABE2FC3F30E00F97F5B /* PBXContainerItemProxy */;
		};
/* End PBXTargetDependency section */

/* Begin XCBuildConfiguration section */
		6E089ACF2FC3F30E00F97F5B /* Debug */ = {
			isa = XCBuildConfiguration;
			buildSettings = {
				ALWAYS_SEARCH_USER_PATHS = NO;
				ASSETCATALOG_COMPILER_GENERATE_SWIFT_ASSET_SYMBOL_EXTENSIONS = YES;
				CLANG_ANALYZER_NONNULL = YES;
				CLANG_ANALYZER_NUMBER_OBJECT_CONVERSION = YES_AGGRESSIVE;
				CLANG_CXX_LANGUAGE_STANDARD = "gnu++20";
				CLANG_ENABLE_MODULES = YES;
				CLANG_ENABLE_OBJC_ARC = YES;
				CLANG_ENABLE_OBJC_WEAK = YES;
				CLANG_WARN_BLOCK_CAPTURE_AUTORELEASING = YES;
				CLANG_WARN_BOOL_CONVERSION = YES;
				CLANG_WARN_COMMA = YES;
				CLANG_WARN_CONSTANT_CONVERSION = YES;
				CLANG_WARN_DEPRECATED_OBJC_IMPLEMENTATIONS = YES;
				CLANG_WARN_DIRECT_OBJC_ISA_USAGE = YES_ERROR;
				CLANG_WARN_DOCUMENTATION_COMMENTS = YES;
				CLANG_WARN_EMPTY_BODY = YES;
				CLANG_WARN_ENUM_CONVERSION = YES;
				CLANG_WARN_INFINITE_RECURSION = YES;
				CLANG_WARN_INT_CONVERSION = YES;
				CLANG_WARN_NON_LITERAL_NULL_CONVERSION = YES;
				CLANG_WARN_OBJC_IMPLICIT_RETAIN_SELF = YES;
				CLANG_WARN_OBJC_LITERAL_CONVERSION = YES;
				CLANG_WARN_OBJC_ROOT_CLASS = YES_ERROR;
				CLANG_WARN_QUOTED_INCLUDE_IN_FRAMEWORK_HEADER = YES;
				CLANG_WARN_RANGE_LOOP_ANALYSIS = YES;
				CLANG_WARN_STRICT_PROTOTYPES = YES;
				CLANG_WARN_SUSPICIOUS_MOVE = YES;
				CLANG_WARN_UNGUARDED_AVAILABILITY = YES_AGGRESSIVE;
				CLANG_WARN_UNREACHABLE_CODE = YES;
				CLANG_WARN__DUPLICATE_METHOD_MATCH = YES;
				COPY_PHASE_STRIP = NO;
				DEBUG_INFORMATION_FORMAT = dwarf;
				ENABLE_STRICT_OBJC_MSGSEND = YES;
				ENABLE_TESTABILITY = YES;
				ENABLE_USER_SCRIPT_SANDBOXING = YES;
				GCC_C_LANGUAGE_STANDARD = gnu17;
				GCC_DYNAMIC_NO_PIC = NO;
				GCC_NO_COMMON_BLOCKS = YES;
				GCC_OPTIMIZATION_LEVEL = 0;
				GCC_PREPROCESSOR_DEFINITIONS = (
					"DEBUG=1",
					"$(inherited)",
				);
				GCC_WARN_64_TO_32_BIT_CONVERSION = YES;
				GCC_WARN_ABOUT_RETURN_TYPE = YES_ERROR;
				GCC_WARN_UNDECLARED_SELECTOR = YES;
				GCC_WARN_UNINITIALIZED_AUTOS = YES_AGGRESSIVE;
				GCC_WARN_UNUSED_FUNCTION = YES;
				GCC_WARN_UNUSED_VARIABLE = YES;
				IPHONEOS_DEPLOYMENT_TARGET = 26.5;
				LOCALIZATION_PREFERS_STRING_CATALOGS = YES;
				MTL_ENABLE_DEBUG_INFO = INCLUDE_SOURCE;
				MTL_FAST_MATH = YES;
				ONLY_ACTIVE_ARCH = YES;
				SDKROOT = iphoneos;
				SWIFT_ACTIVE_COMPILATION_CONDITIONS = "DEBUG $(inherited)";
				SWIFT_OPTIMIZATION_LEVEL = "-Onone";
			};
			name = Debug;
		};
		6E089AD02FC3F30E00F97F5B /* Release */ = {
			isa = XCBuildConfiguration;
			buildSettings = {
				ALWAYS_SEARCH_USER_PATHS = NO;
				ASSETCATALOG_COMPILER_GENERATE_SWIFT_ASSET_SYMBOL_EXTENSIONS = YES;
				CLANG_ANALYZER_NONNULL = YES;
				CLANG_ANALYZER_NUMBER_OBJECT_CONVERSION = YES_AGGRESSIVE;
				CLANG_CXX_LANGUAGE_STANDARD = "gnu++20";
				CLANG_ENABLE_MODULES = YES;
				CLANG_ENABLE_OBJC_ARC = YES;
				CLANG_ENABLE_OBJC_WEAK = YES;
				CLANG_WARN_BLOCK_CAPTURE_AUTORELEASING = YES;
				CLANG_WARN_BOOL_CONVERSION = YES;
				CLANG_WARN_COMMA = YES;
				CLANG_WARN_CONSTANT_CONVERSION = YES;
				CLANG_WARN_DEPRECATED_OBJC_IMPLEMENTATIONS = YES;
				CLANG_WARN_DIRECT_OBJC_ISA_USAGE = YES_ERROR;
				CLANG_WARN_DOCUMENTATION_COMMENTS = YES;
				CLANG_WARN_EMPTY_BODY = YES;
				CLANG_WARN_ENUM_CONVERSION = YES;
				CLANG_WARN_INFINITE_RECURSION = YES;
				CLANG_WARN_INT_CONVERSION = YES;
				CLANG_WARN_NON_LITERAL_NULL_CONVERSION = YES;
				CLANG_WARN_OBJC_IMPLICIT_RETAIN_SELF = YES;
				CLANG_WARN_OBJC_LITERAL_CONVERSION = YES;
				CLANG_WARN_OBJC_ROOT_CLASS = YES_ERROR;
				CLANG_WARN_QUOTED_INCLUDE_IN_FRAMEWORK_HEADER = YES;
				CLANG_WARN_RANGE_LOOP_ANALYSIS = YES;
				CLANG_WARN_STRICT_PROTOTYPES = YES;
				CLANG_WARN_SUSPICIOUS_MOVE = YES;
				CLANG_WARN_UNGUARDED_AVAILABILITY = YES_AGGRESSIVE;
				CLANG_WARN_UNREACHABLE_CODE = YES;
				CLANG_WARN__DUPLICATE_METHOD_MATCH = YES;
				COPY_PHASE_STRIP = NO;
				DEBUG_INFORMATION_FORMAT = "dwarf-with-dsym";
				ENABLE_NS_ASSERTIONS = NO;
				ENABLE_STRICT_OBJC_MSGSEND = YES;
				ENABLE_USER_SCRIPT_SANDBOXING = YES;
				GCC_C_LANGUAGE_STANDARD = gnu17;
				GCC_NO_COMMON_BLOCKS = YES;
				GCC_WARN_64_TO_32_BIT_CONVERSION = YES;
				GCC_WARN_ABOUT_RETURN_TYPE = YES_ERROR;
				GCC_WARN_UNDECLARED_SELECTOR = YES;
				GCC_WARN_UNINITIALIZED_AUTOS = YES_AGGRESSIVE;
				GCC_WARN_UNUSED_FUNCTION = YES;
				GCC_WARN_UNUSED_VARIABLE = YES;
				IPHONEOS_DEPLOYMENT_TARGET = 26.5;
				LOCALIZATION_PREFERS_STRING_CATALOGS = YES;
				MTL_ENABLE_DEBUG_INFO = NO;
				MTL_FAST_MATH = YES;
				SDKROOT = iphoneos;
				SWIFT_COMPILATION_MODE = wholemodule;
				VALIDATE_PRODUCT = YES;
			};
			name = Release;
		};
		6E089AD22FC3F30E00F97F5B /* Debug */ = {
			isa = XCBuildConfiguration;
			buildSettings = {
				ASSETCATALOG_COMPILER_APPICON_NAME = AppIcon;
				ASSETCATALOG_COMPILER_GLOBAL_ACCENT_COLOR_NAME = AccentColor;
				CODE_SIGN_STYLE = Automatic;
				CURRENT_PROJECT_VERSION = 1;
				ENABLE_PREVIEWS = YES;
				GENERATE_INFOPLIST_FILE = YES;
				INFOPLIST_KEY_CFBundleDisplayName = Sakaya;
				INFOPLIST_KEY_UIApplicationSceneManifest_Generation = YES;
				INFOPLIST_KEY_UIApplicationSupportsIndirectInputEvents = YES;
				INFOPLIST_KEY_UILaunchScreen_Generation = YES;
				INFOPLIST_KEY_UISupportedInterfaceOrientations_iPad = "UIInterfaceOrientationPortrait UIInterfaceOrientationPortraitUpsideDown UIInterfaceOrientationLandscapeLeft UIInterfaceOrientationLandscapeRight";
				INFOPLIST_KEY_UISupportedInterfaceOrientations_iPhone = "UIInterfaceOrientationPortrait UIInterfaceOrientationLandscapeLeft UIInterfaceOrientationLandscapeRight";
				LD_RUNPATH_SEARCH_PATHS = (
					"$(inherited)",
					"@executable_path/Frameworks",
				);
				MARKETING_VERSION = 1.0;
				PRODUCT_BUNDLE_IDENTIFIER = com.prototype.SakeShop;
				PRODUCT_NAME = "$(TARGET_NAME)";
				STRING_CATALOG_GENERATE_SYMBOLS = YES;
				SWIFT_APPROACHABLE_CONCURRENCY = YES;
				SWIFT_DEFAULT_ACTOR_ISOLATION = MainActor;
				SWIFT_EMIT_LOC_STRINGS = YES;
				SWIFT_UPCOMING_FEATURE_MEMBER_IMPORT_VISIBILITY = YES;
				SWIFT_VERSION = 5.0;
				TARGETED_DEVICE_FAMILY = "1,2";
			};
			name = Debug;
		};
		6E089AD32FC3F30E00F97F5B /* Release */ = {
			isa = XCBuildConfiguration;
			buildSettings = {
				ASSETCATALOG_COMPILER_APPICON_NAME = AppIcon;
				ASSETCATALOG_COMPILER_GLOBAL_ACCENT_COLOR_NAME = AccentColor;
				CODE_SIGN_STYLE = Automatic;
				CURRENT_PROJECT_VERSION = 1;
				ENABLE_PREVIEWS = YES;
				GENERATE_INFOPLIST_FILE = YES;
				INFOPLIST_KEY_CFBundleDisplayName = Sakaya;
				INFOPLIST_KEY_UIApplicationSceneManifest_Generation = YES;
				INFOPLIST_KEY_UIApplicationSupportsIndirectInputEvents = YES;
				INFOPLIST_KEY_UILaunchScreen_Generation = YES;
				INFOPLIST_KEY_UISupportedInterfaceOrientations_iPad = "UIInterfaceOrientationPortrait UIInterfaceOrientationPortraitUpsideDown UIInterfaceOrientationLandscapeLeft UIInterfaceOrientationLandscapeRight";
				INFOPLIST_KEY_UISupportedInterfaceOrientations_iPhone = "UIInterfaceOrientationPortrait UIInterfaceOrientationLandscapeLeft UIInterfaceOrientationLandscapeRight";
				LD_RUNPATH_SEARCH_PATHS = (
					"$(inherited)",
					"@executable_path/Frameworks",
				);
				MARKETING_VERSION = 1.0;
				PRODUCT_BUNDLE_IDENTIFIER = com.prototype.SakeShop;
				PRODUCT_NAME = "$(TARGET_NAME)";
				STRING_CATALOG_GENERATE_SYMBOLS = YES;
				SWIFT_APPROACHABLE_CONCURRENCY = YES;
				SWIFT_DEFAULT_ACTOR_ISOLATION = MainActor;
				SWIFT_EMIT_LOC_STRINGS = YES;
				SWIFT_UPCOMING_FEATURE_MEMBER_IMPORT_VISIBILITY = YES;
				SWIFT_VERSION = 5.0;
				TARGETED_DEVICE_FAMILY = "1,2";
			};
			name = Release;
		};
		6E089AD52FC3F30E00F97F5B /* Debug */ = {
			isa = XCBuildConfiguration;
			buildSettings = {
				BUNDLE_LOADER = "$(TEST_HOST)";
				CODE_SIGN_STYLE = Automatic;
				CURRENT_PROJECT_VERSION = 1;
				GENERATE_INFOPLIST_FILE = YES;
				IPHONEOS_DEPLOYMENT_TARGET = 26.5;
				MARKETING_VERSION = 1.0;
				PRODUCT_BUNDLE_IDENTIFIER = com.prototype.SakeShopTests;
				PRODUCT_NAME = "$(TARGET_NAME)";
				STRING_CATALOG_GENERATE_SYMBOLS = NO;
				SWIFT_APPROACHABLE_CONCURRENCY = YES;
				SWIFT_EMIT_LOC_STRINGS = NO;
				SWIFT_UPCOMING_FEATURE_MEMBER_IMPORT_VISIBILITY = YES;
				SWIFT_VERSION = 5.0;
				TARGETED_DEVICE_FAMILY = "1,2";
				TEST_HOST = "$(BUILT_PRODUCTS_DIR)/SakeShop.app/$(BUNDLE_EXECUTABLE_FOLDER_PATH)/SakeShop";
			};
			name = Debug;
		};
		6E089AD62FC3F30E00F97F5B /* Release */ = {
			isa = XCBuildConfiguration;
			buildSettings = {
				BUNDLE_LOADER = "$(TEST_HOST)";
				CODE_SIGN_STYLE = Automatic;
				CURRENT_PROJECT_VERSION = 1;
				GENERATE_INFOPLIST_FILE = YES;
				IPHONEOS_DEPLOYMENT_TARGET = 26.5;
				MARKETING_VERSION = 1.0;
				PRODUCT_BUNDLE_IDENTIFIER = com.prototype.SakeShopTests;
				PRODUCT_NAME = "$(TARGET_NAME)";
				STRING_CATALOG_GENERATE_SYMBOLS = NO;
				SWIFT_APPROACHABLE_CONCURRENCY = YES;
				SWIFT_EMIT_LOC_STRINGS = NO;
				SWIFT_UPCOMING_FEATURE_MEMBER_IMPORT_VISIBILITY = YES;
				SWIFT_VERSION = 5.0;
				TARGETED_DEVICE_FAMILY = "1,2";
				TEST_HOST = "$(BUILT_PRODUCTS_DIR)/SakeShop.app/$(BUNDLE_EXECUTABLE_FOLDER_PATH)/SakeShop";
			};
			name = Release;
		};
/* End XCBuildConfiguration section */

/* Begin XCConfigurationList section */
		6E089AAB2FC3F30D00F97F5B /* Build configuration list for PBXProject "SakeShop" */ = {
			isa = XCConfigurationList;
			buildConfigurations = (
				6E089ACF2FC3F30E00F97F5B /* Debug */,
				6E089AD02FC3F30E00F97F5B /* Release */,
			);
			defaultConfigurationIsVisible = 0;
			defaultConfigurationName = Release;
		};
		6E089AD12FC3F30E00F97F5B /* Build configuration list for PBXNativeTarget "SakeShop" */ = {
			isa = XCConfigurationList;
			buildConfigurations = (
				6E089AD22FC3F30E00F97F5B /* Debug */,
				6E089AD32FC3F30E00F97F5B /* Release */,
			);
			defaultConfigurationIsVisible = 0;
			defaultConfigurationName = Release;
		};
		6E089AD42FC3F30E00F97F5B /* Build configuration list for PBXNativeTarget "SakeShopTests" */ = {
			isa = XCConfigurationList;
			buildConfigurations = (
				6E089AD52FC3F30E00F97F5B /* Debug */,
				6E089AD62FC3F30E00F97F5B /* Release */,
			);
			defaultConfigurationIsVisible = 0;
			defaultConfigurationName = Release;
		};
/* End XCConfigurationList section */
	};
	rootObject = 6E089AA82FC3F30D00F97F5B /* Project object */;
}
